
Microsoft Visual Studio Solution File, Format Version 12.00
# Visual Studio Version 17
VisualStudioVersion = 17.4.33213.308
MinimumVisualStudioVersion = 10.0.40219.1
Project("{9092AA53-FB77-4645-B42D-1CCCA6BD08BD}") = "Picasso-ish in Node.js", "Picasso-ish in Node.js\Picasso-ish in Node.js.njsproj", "{75DBA3E2-B2F7-4E02-BB98-B3D7A57F6897}"
EndProject
Global
	GlobalSection(SolutionConfigurationPlatforms) = preSolution
		Debug|Any CPU = Debug|Any CPU
		Release|Any CPU = Release|Any CPU
	EndGlobalSection
	GlobalSection(ProjectConfigurationPlatforms) = postSolution
		{75DBA3E2-B2F7-4E02-BB98-B3D7A57F6897}.Debug|Any CPU.ActiveCfg = Debug|Any CPU
		{75DBA3E2-B2F7-4E02-BB98-B3D7A57F6897}.Debug|Any CPU.Build.0 = Debug|Any CPU
		{75DBA3E2-B2F7-4E02-BB98-B3D7A57F6897}.Release|Any CPU.ActiveCfg = Release|Any CPU
		{75DBA3E2-B2F7-4E02-BB98-B3D7A57F6897}.Release|Any CPU.Build.0 = Release|Any CPU
	EndGlobalSection
	GlobalSection(SolutionProperties) = preSolution
		HideSolutionNode = FALSE
	EndGlobalSection
	GlobalSection(ExtensibilityGlobals) = postSolution
		SolutionGuid = {C963651C-FD27-41B8-B209-5BF613D6967D}
	EndGlobalSection
EndGlobal
